
Microsoft Visual Studio Solution File, Format Version 12.00
# Visual Studio Version 16
VisualStudioVersion = 16.0.31321.278
MinimumVisualStudioVersion = 10.0.40219.1
Project("{9A19103F-16F7-4668-BE54-9A1E7A4F7556}") = "Mogawinch.Website.App", "Mogawinch.Website.App\Mogawinch.Website.App.csproj", "{7832E387-8A75-4BA1-BAE9-440B5A1EFC3D}"
EndProject
Global
	GlobalSection(SolutionConfigurationPlatforms) = preSolution
		Debug|Any CPU = Debug|Any CPU
		Release|Any CPU = Release|Any CPU
	EndGlobalSection
	GlobalSection(ProjectConfigurationPlatforms) = postSolution
		{7832E387-8A75-4BA1-BAE9-440B5A1EFC3D}.Debug|Any CPU.ActiveCfg = Debug|Any CPU
		{7832E387-8A75-4BA1-BAE9-440B5A1EFC3D}.Debug|Any CPU.Build.0 = Debug|Any CPU
		{7832E387-8A75-4BA1-BAE9-440B5A1EFC3D}.Release|Any CPU.ActiveCfg = Release|Any CPU
		{7832E387-8A75-4BA1-BAE9-440B5A1EFC3D}.Release|Any CPU.Build.0 = Release|Any CPU
	EndGlobalSection
	GlobalSection(SolutionProperties) = preSolution
		HideSolutionNode = FALSE
	EndGlobalSection
	GlobalSection(ExtensibilityGlobals) = postSolution
		SolutionGuid = {DDBC02E2-FF02-458F-A496-4D8EFA124EEF}
	EndGlobalSection
EndGlobal
